
Microsoft Visual Studio Solution File, Format Version 12.00
# Visual Studio Version 17
VisualStudioVersion = 17.4.33122.133
MinimumVisualStudioVersion = 10.0.40219.1
Project("{FAE04EC0-301F-11D3-BF4B-00C04F79EFBC}") = "DigitalJukebox.Domain", "Jukebox\DigitalJukebox.Domain.csproj", "{22A52C55-6ADE-44EB-B4AF-74241A9E994A}"
EndProject
Project("{FAE04EC0-301F-11D3-BF4B-00C04F79EFBC}") = "DigitalJukebox.Domain.Test", "Jukebox.Test\DigitalJukebox.Domain.Test.csproj", "{CFE8195B-5BD0-4A1B-B66A-9E9640141303}"
EndProject
Global
	GlobalSection(SolutionConfigurationPlatforms) = preSolution
		Debug|Any CPU = Debug|Any CPU
		Release|Any CPU = Release|Any CPU
	EndGlobalSection
	GlobalSection(ProjectConfigurationPlatforms) = postSolution
		{22A52C55-6ADE-44EB-B4AF-74241A9E994A}.Debug|Any CPU.ActiveCfg = Debug|Any CPU
		{22A52C55-6ADE-44EB-B4AF-74241A9E994A}.Debug|Any CPU.Build.0 = Debug|Any CPU
		{22A52C55-6ADE-44EB-B4AF-74241A9E994A}.Release|Any CPU.ActiveCfg = Release|Any CPU
		{22A52C55-6ADE-44EB-B4AF-74241A9E994A}.Release|Any CPU.Build.0 = Release|Any CPU
		{CFE8195B-5BD0-4A1B-B66A-9E9640141303}.Debug|Any CPU.ActiveCfg = Debug|Any CPU
		{CFE8195B-5BD0-4A1B-B66A-9E9640141303}.Debug|Any CPU.Build.0 = Debug|Any CPU
		{CFE8195B-5BD0-4A1B-B66A-9E9640141303}.Release|Any CPU.ActiveCfg = Release|Any CPU
		{CFE8195B-5BD0-4A1B-B66A-9E9640141303}.Release|Any CPU.Build.0 = Release|Any CPU
	EndGlobalSection
	GlobalSection(SolutionProperties) = preSolution
		HideSolutionNode = FALSE
	EndGlobalSection
	GlobalSection(ExtensibilityGlobals) = postSolution
		SolutionGuid = {4D8198E4-A047-4054-875D-2418814BDC10}
	EndGlobalSection
EndGlobal
